
Microsoft Visual Studio Solution File, Format Version 12.00
# Visual Studio Version 17
VisualStudioVersion = 17.5.33424.131
MinimumVisualStudioVersion = 10.0.40219.1
Project("{FAE04EC0-301F-11D3-BF4B-00C04F79EFBC}") = "C#_p3", "C#_p3\C#_p3.csproj", "{26DE6441-3A1C-4F52-AA42-4F7190933573}"
EndProject
Global
	GlobalSection(SolutionConfigurationPlatforms) = preSolution
		Debug|Any CPU = Debug|Any CPU
		Release|Any CPU = Release|Any CPU
	EndGlobalSection
	GlobalSection(ProjectConfigurationPlatforms) = postSolution
		{26DE6441-3A1C-4F52-AA42-4F7190933573}.Debug|Any CPU.ActiveCfg = Debug|Any CPU
		{26DE6441-3A1C-4F52-AA42-4F7190933573}.Debug|Any CPU.Build.0 = Debug|Any CPU
		{26DE6441-3A1C-4F52-AA42-4F7190933573}.Release|Any CPU.ActiveCfg = Release|Any CPU
		{26DE6441-3A1C-4F52-AA42-4F7190933573}.Release|Any CPU.Build.0 = Release|Any CPU
	EndGlobalSection
	GlobalSection(SolutionProperties) = preSolution
		HideSolutionNode = FALSE
	EndGlobalSection
	GlobalSection(ExtensibilityGlobals) = postSolution
		SolutionGuid = {B35502CD-3AF7-4816-9AB6-4C735D5C9CDF}
	EndGlobalSection
EndGlobal
